// !$*UTF8*$!
{
	archiveVersion = 1;
	classes = {
	};
	objectVersion = 46;
	objects = {

/* Begin PBXBuildFile section */
		4FA475D91D49208B00A2EBCB /* AppDelegate.swift in Sources */ = {isa = PBXBuildFile; fileRef = 4FA475D81D49208B00A2EBCB /* AppDelegate.swift */; };
		4FA475DB1D49208B00A2EBCB /* ViewController.swift in Sources */ = {isa = PBXBuildFile; fileRef = 4FA475DA1D49208B00A2EBCB /* ViewController.swift */; };
		4FA475DE1D49208B00A2EBCB /* Main.storyboard in Resources */ = {isa = PBXBuildFile; fileRef = 4FA475DC1D49208B00A2EBCB /* Main.storyboard */; };
		4FA475E01D49208B00A2EBCB /* Assets.xcassets in Resources */ = {isa = PBXBuildFile; fileRef = 4FA475DF1D49208B00A2EBCB /* Assets.xcassets */; };
		4FA475E31D49208B00A2EBCB /* LaunchScreen.storyboard in Resources */ = {isa = PBXBuildFile; fileRef = 4FA475E11D49208B00A2EBCB /* LaunchScreen.storyboard */; };
		4FA475EB1D49281800A2EBCB /* Pokemon.swift in Sources */ = {isa = PBXBuildFile; fileRef = 4FA475EA1D49281800A2EBCB /* Pokemon.swift */; };
		4FA475ED1D492FE500A2EBCB /* DetailViewController.swift in Sources */ = {isa = PBXBuildFile; fileRef = 4FA475EC1D492FE500A2EBCB /* DetailViewController.swift */; };
		4FA475F01D49578200A2EBCB /* FavouritesViewController.swift in Sources */ = {isa = PBXBuildFile; fileRef = 4FA475EF1D49578200A2EBCB /* FavouritesViewController.swift */; };
		4FA475F21D49681A00A2EBCB /* CreditsViewController.swift in Sources */ = {isa = PBXBuildFile; fileRef = 4FA475F11D49681A00A2EBCB /* CreditsViewController.swift */; };
/* End PBXBuildFile section */

/* Begin PBXFileReference section */
		4FA475D51D49208B00A2EBCB /* Pokedex.app */ = {isa = PBXFileReference; explicitFileType = wrapper.application; includeInIndex = 0; path = Pokedex.app; sourceTree = BUILT_PRODUCTS_DIR; };
		4FA475D81D49208B00A2EBCB /* AppDelegate.swift */ = {isa = PBXFileReference; lastKnownFileType = sourcecode.swift; path = AppDelegate.swift; sourceTree = "<group>"; };
		4FA475DA1D49208B00A2EBCB /* ViewController.swift */ = {isa = PBXFileReference; lastKnownFileType = sourcecode.swift; path = ViewController.swift; sourceTree = "<group>"; };
		4FA475DD1D49208B00A2EBCB /* Base */ = {isa = PBXFileReference; lastKnownFileType = file.storyboard; name = Base; path = Base.lproj/Main.storyboard; sourceTree = "<group>"; };
		4FA475DF1D49208B00A2EBCB /* Assets.xcassets */ = {isa = PBXFileReference; lastKnownFileType = folder.assetcatalog; path = Assets.xcassets; sourceTree = "<group>"; };
		4FA475E21D49208B00A2EBCB /* Base */ = {isa = PBXFileReference; lastKnownFileType = file.storyboard; name = Base; path = Base.lproj/LaunchScreen.storyboard; sourceTree = "<group>"; };
		4FA475E41D49208B00A2EBCB /* Info.plist */ = {isa = PBXFileReference; lastKnownFileType = text.plist.xml; path = Info.plist; sourceTree = "<group>"; };
		4FA475EA1D49281800A2EBCB /* Pokemon.swift */ = {isa = PBXFileReference; fileEncoding = 4; lastKnownFileType = sourcecode.swift; name = Pokemon.swift; path = Pokedex/Pokemon.swift; sourceTree = "<group>"; };
		4FA475EC1D492FE500A2EBCB /* DetailViewController.swift */ = {isa = PBXFileReference; fileEncoding = 4; lastKnownFileType = sourcecode.swift; path = DetailViewController.swift; sourceTree = "<group>"; };
		4FA475EF1D49578200A2EBCB /* FavouritesViewController.swift */ = {isa = PBXFileReference; fileEncoding = 4; lastKnownFileType = sourcecode.swift; path = FavouritesViewController.swift; sourceTree = "<group>"; };
		4FA475F11D49681A00A2EBCB /* CreditsViewController.swift */ = {isa = PBXFileReference; fileEncoding = 4; lastKnownFileType = sourcecode.swift; path = CreditsViewController.swift; sourceTree = "<group>"; };
/* End PBXFileReference section */

/* Begin PBXFrameworksBuildPhase section */
		4FA475D21D49208B00A2EBCB /* Frameworks */ = {
			isa = PBXFrameworksBuildPhase;
			buildActionMask = 2147483647;
			files = (
			);
			runOnlyForDeploymentPostprocessing = 0;
		};
/* End PBXFrameworksBuildPhase section */

/* Begin PBXGroup section */
		4FA475CC1D49208B00A2EBCB = {
			isa = PBXGroup;
			children = (
				4FA475EA1D49281800A2EBCB /* Pokemon.swift */,
				4FA475D71D49208B00A2EBCB /* Pokedex */,
				4FA475D61D49208B00A2EBCB /* Products */,
			);
			sourceTree = "<group>";
		};
		4FA475D61D49208B00A2EBCB /* Products */ = {
			isa = PBXGroup;
			children = (
				4FA475D51D49208B00A2EBCB /* Pokedex.app */,
			);
			name = Products;
			sourceTree = "<group>";
		};
		4FA475D71D49208B00A2EBCB /* Pokedex */ = {
			isa = PBXGroup;
			children = (
				4FA475D81D49208B00A2EBCB /* AppDelegate.swift */,
				4FA475DA1D49208B00A2EBCB /* ViewController.swift */,
				4FA475DC1D49208B00A2EBCB /* Main.storyboard */,
				4FA475EC1D492FE500A2EBCB /* DetailViewController.swift */,
				4FA475EF1D49578200A2EBCB /* FavouritesViewController.swift */,
				4FA475DF1D49208B00A2EBCB /* Assets.xcassets */,
				4FA475E11D49208B00A2EBCB /* LaunchScreen.storyboard */,
				4FA475E41D49208B00A2EBCB /* Info.plist */,
				4FA475F11D49681A00A2EBCB /* CreditsViewController.swift */,
			);
			path = Pokedex;
			sourceTree = "<group>";
		};
/* End PBXGroup section */

/* Begin PBXNativeTarget section */
		4FA475D41D49208B00A2EBCB /* Pokedex */ = {
			isa = PBXNativeTarget;
			buildConfigurationList = 4FA475E71D49208B00A2EBCB /* Build configuration list for PBXNativeTarget "Pokedex" */;
			buildPhases = (
				4FA475D11D49208B00A2EBCB /* Sources */,
				4FA475D21D49208B00A2EBCB /* Frameworks */,
				4FA475D31D49208B00A2EBCB /* Resources */,
			);
			buildRules = (
			);
			dependencies = (
			);
			name = Pokedex;
			productName = Pokedex;
			productReference = 4FA475D51D49208B00A2EBCB /* Pokedex.app */;
			productType = "com.apple.product-type.application";
		};
/* End PBXNativeTarget section */

/* Begin PBXProject section */
		4FA475CD1D49208B00A2EBCB /* Project object */ = {
			isa = PBXProject;
			attributes = {
				LastSwiftUpdateCheck = 0730;
				LastUpgradeCheck = 0730;
				ORGANIZATIONNAME = "Nikita Pahadia";
				TargetAttributes = {
					4FA475D41D49208B00A2EBCB = {
						CreatedOnToolsVersion = 7.3.1;
					};
				};
			};
			buildConfigurationList = 4FA475D01D49208B00A2EBCB /* Build configuration list for PBXProject "Pokedex" */;
			compatibilityVersion = "Xcode 3.2";
			developmentRegion = English;
			hasScannedForEncodings = 0;
			knownRegions = (
				en,
				Base,
			);
			mainGroup = 4FA475CC1D49208B00A2EBCB;
			productRefGroup = 4FA475D61D49208B00A2EBCB /* Products */;
			projectDirPath = "";
			projectRoot = "";
			targets = (
				4FA475D41D49208B00A2EBCB /* Pokedex */,
			);
		};
/* End PBXProject section */

/* Begin PBXResourcesBuildPhase section */
		4FA475D31D49208B00A2EBCB /* Resources */ = {
			isa = PBXResourcesBuildPhase;
			buildActionMask = 2147483647;
			files = (
				4FA475E31D49208B00A2EBCB /* LaunchScreen.storyboard in Resources */,
				4FA475E01D49208B00A2EBCB /* Assets.xcassets in Resources */,
				4FA475DE1D49208B00A2EBCB /* Main.storyboard in Resources */,
			);
			runOnlyForDeploymentPostprocessing = 0;
		};
/* End PBXResourcesBuildPhase section */

/* Begin PBXSourcesBuildPhase section */
		4FA475D11D49208B00A2EBCB /* Sources */ = {
			isa = PBXSourcesBuildPhase;
			buildActionMask = 2147483647;
			files = (
				4FA475DB1D49208B00A2EBCB /* ViewController.swift in Sources */,
				4FA475F21D49681A00A2EBCB /* CreditsViewController.swift in Sources */,
				4FA475D91D49208B00A2EBCB /* AppDelegate.swift in Sources */,
				4FA475EB1D49281800A2EBCB /* Pokemon.swift in Sources */,
				4FA475F01D49578200A2EBCB /* FavouritesViewController.swift in Sources */,
				4FA475ED1D492FE500A2EBCB /* DetailViewController.swift in Sources */,
			);
			runOnlyForDeploymentPostprocessing = 0;
		};
/* End PBXSourcesBuildPhase section */

/* Begin PBXVariantGroup section */
		4FA475DC1D49208B00A2EBCB /* Main.storyboard */ = {
			isa = PBXVariantGroup;
			children = (
				4FA475DD1D49208B00A2EBCB /* Base */,
			);
			name = Main.storyboard;
			sourceTree = "<group>";
		};
		4FA475E11D49208B00A2EBCB /* LaunchScreen.storyboard */ = {
			isa = PBXVariantGroup;
			children = (
				4FA475E21D49208B00A2EBCB /* Base */,
			);
			name = LaunchScreen.storyboard;
			sourceTree = "<group>";
		};
/* End PBXVariantGroup section */

/* Begin XCBuildConfiguration section */
		4FA475E51D49208B00A2EBCB /* Debug */ = {
			isa = XCBuildConfiguration;
			buildSettings = {
				ALWAYS_SEARCH_USER_PATHS = NO;
				CLANG_ANALYZER_NONNULL = YES;
				CLANG_CXX_LANGUAGE_STANDARD = "gnu++0x";
				CLANG_CXX_LIBRARY = "libc++";
				CLANG_ENABLE_MODULES = YES;
				CLANG_ENABLE_OBJC_ARC = YES;
				CLANG_WARN_BOOL_CONVERSION = YES;
				CLANG_WARN_CONSTANT_CONVERSION = YES;
				CLANG_WARN_DIRECT_OBJC_ISA_USAGE = YES_ERROR;
				CLANG_WARN_EMPTY_BODY = YES;
				CLANG_WARN_ENUM_CONVERSION = YES;
				CLANG_WARN_INT_CONVERSION = YES;
				CLANG_WARN_OBJC_ROOT_CLASS = YES_ERROR;
				CLANG_WARN_UNREACHABLE_CODE = YES;
				CLANG_WARN__DUPLICATE_METHOD_MATCH = YES;
				"CODE_SIGN_IDENTITY[sdk=iphoneos*]" = "iPhone Developer";
				COPY_PHASE_STRIP = NO;
				DEBUG_INFORMATION_FORMAT = dwarf;
				ENABLE_STRICT_OBJC_MSGSEND = YES;
				ENABLE_TESTABILITY = YES;
				GCC_C_LANGUAGE_STANDARD = gnu99;
				GCC_DYNAMIC_NO_PIC = NO;
				GCC_NO_COMMON_BLOCKS = YES;
				GCC_OPTIMIZATION_LEVEL = 0;
				GCC_PREPROCESSOR_DEFINITIONS = (
					"DEBUG=1",
					"$(inherited)",
				);
				GCC_WARN_64_TO_32_BIT_CONVERSION = YES;
				GCC_WARN_ABOUT_RETURN_TYPE = YES_ERROR;
				GCC_WARN_UNDECLARED_SELECTOR = YES;
				GCC_WARN_UNINITIALIZED_AUTOS = YES_AGGRESSIVE;
				GCC_WARN_UNUSED_FUNCTION = YES;
				GCC_WARN_UNUSED_VARIABLE = YES;
				IPHONEOS_DEPLOYMENT_TARGET = 9.3;
				MTL_ENABLE_DEBUG_INFO = YES;
				ONLY_ACTIVE_ARCH = YES;
				SDKROOT = iphoneos;
				SWIFT_OPTIMIZATION_LEVEL = "-Onone";
			};
			name = Debug;
		};
		4FA475E61D49208B00A2EBCB /* Release */ = {
			isa = XCBuildConfiguration;
			buildSettings = {
				ALWAYS_SEARCH_USER_PATHS = NO;
				CLANG_ANALYZER_NONNULL = YES;
				CLANG_CXX_LANGUAGE_STANDARD = "gnu++0x";
				CLANG_CXX_LIBRARY = "libc++";
				CLANG_ENABLE_MODULES = YES;
				CLANG_ENABLE_OBJC_ARC = YES;
				CLANG_WARN_BOOL_CONVERSION = YES;
				CLANG_WARN_CONSTANT_CONVERSION = YES;
				CLANG_WARN_DIRECT_OBJC_ISA_USAGE = YES_ERROR;
				CLANG_WARN_EMPTY_BODY = YES;
				CLANG_WARN_ENUM_CONVERSION = YES;
				CLANG_WARN_INT_CONVERSION = YES;
				CLANG_WARN_OBJC_ROOT_CLASS = YES_ERROR;
				CLANG_WARN_UNREACHABLE_CODE = YES;
				CLANG_WARN__DUPLICATE_METHOD_MATCH = YES;
				"CODE_SIGN_IDENTITY[sdk=iphoneos*]" = "iPhone Developer";
				COPY_PHASE_STRIP = NO;
				DEBUG_INFORMATION_FORMAT = "dwarf-with-dsym";
				ENABLE_NS_ASSERTIONS = NO;
				ENABLE_STRICT_OBJC_MSGSEND = YES;
				GCC_C_LANGUAGE_STANDARD = gnu99;
				GCC_NO_COMMON_BLOCKS = YES;
				GCC_WARN_64_TO_32_BIT_CONVERSION = YES;
				GCC_WARN_ABOUT_RETURN_TYPE = YES_ERROR;
				GCC_WARN_UNDECLARED_SELECTOR = YES;
				GCC_WARN_UNINITIALIZED_AUTOS = YES_AGGRESSIVE;
				GCC_WARN_UNUSED_FUNCTION = YES;
				GCC_WARN_UNUSED_VARIABLE = YES;
				IPHONEOS_DEPLOYMENT_TARGET = 9.3;
				MTL_ENABLE_DEBUG_INFO = NO;
				SDKROOT = iphoneos;
				VALIDATE_PRODUCT = YES;
			};
			name = Release;
		};
		4FA475E81D49208B00A2EBCB /* Debug */ = {
			isa = XCBuildConfiguration;
			buildSettings = {
				ASSETCATALOG_COMPILER_APPICON_NAME = AppIcon;
				INFOPLIST_FILE = Pokedex/Info.plist;
				LD_RUNPATH_SEARCH_PATHS = "$(inherited) @executable_path/Frameworks";
				PRODUCT_BUNDLE_IDENTIFIER = com.nikita.Pokedex;
				PRODUCT_NAME = "$(TARGET_NAME)";
			};
			name = Debug;
		};
		4FA475E91D49208B00A2EBCB /* Release */ = {
			isa = XCBuildConfiguration;
			buildSettings = {
				ASSETCATALOG_COMPILER_APPICON_NAME = AppIcon;
				INFOPLIST_FILE = Pokedex/Info.plist;
				LD_RUNPATH_SEARCH_PATHS = "$(inherited) @executable_path/Frameworks";
				PRODUCT_BUNDLE_IDENTIFIER = com.nikita.Pokedex;
				PRODUCT_NAME = "$(TARGET_NAME)";
			};
			name = Release;
		};
/* End XCBuildConfiguration section */

/* Begin XCConfigurationList section */
		4FA475D01D49208B00A2EBCB /* Build configuration list for PBXProject "Pokedex" */ = {
			isa = XCConfigurationList;
			buildConfigurations = (
				4FA475E51D49208B00A2EBCB /* Debug */,
				4FA475E61D49208B00A2EBCB /* Release */,
			);
			defaultConfigurationIsVisible = 0;
			defaultConfigurationName = Release;
		};
		4FA475E71D49208B00A2EBCB /* Build configuration list for PBXNativeTarget "Pokedex" */ = {
			isa = XCConfigurationList;
			buildConfigurations = (
				4FA475E81D49208B00A2EBCB /* Debug */,
				4FA475E91D49208B00A2EBCB /* Release */,
			);
			defaultConfigurationIsVisible = 0;
		};
/* End XCConfigurationList section */
	};
	rootObject = 4FA475CD1D49208B00A2EBCB /* Project object */;
}
